
Microsoft Visual Studio Solution File, Format Version 12.00
# Visual Studio Version 17
VisualStudioVersion = 17.0.31903.59
MinimumVisualStudioVersion = 10.0.40219.1
Project("{FAE04EC0-301F-11D3-BF4B-00C04F79EFBC}") = "DelegateBasicExample", "DelegateBasicExample\DelegateBasicExample.csproj", "{9A8BA308-46DD-43DE-886C-1597D5B286DA}"
EndProject
Global
	GlobalSection(SolutionConfigurationPlatforms) = preSolution
		Debug|Any CPU = Debug|Any CPU
		Release|Any CPU = Release|Any CPU
	EndGlobalSection
	GlobalSection(SolutionProperties) = preSolution
		HideSolutionNode = FALSE
	EndGlobalSection
	GlobalSection(ProjectConfigurationPlatforms) = postSolution
		{9A8BA308-46DD-43DE-886C-1597D5B286DA}.Debug|Any CPU.ActiveCfg = Debug|Any CPU
		{9A8BA308-46DD-43DE-886C-1597D5B286DA}.Debug|Any CPU.Build.0 = Debug|Any CPU
		{9A8BA308-46DD-43DE-886C-1597D5B286DA}.Release|Any CPU.ActiveCfg = Release|Any CPU
		{9A8BA308-46DD-43DE-886C-1597D5B286DA}.Release|Any CPU.Build.0 = Release|Any CPU
	EndGlobalSection
EndGlobal
